
Microsoft Visual Studio Solution File, Format Version 12.00
# Visual Studio 15
VisualStudioVersion = 15.0.28307.168
MinimumVisualStudioVersion = 10.0.40219.1
Project("{2150E333-8FDC-42A3-9474-1A3956D46DE8}") = "3DGraph", "3DGraph", "{FB1BDEC9-9C10-4ED0-9972-BD777ED503BE}"
EndProject
Project("{2150E333-8FDC-42A3-9474-1A3956D46DE8}") = "OpenGL", "OpenGL", "{91CA8B7E-980E-46CB-8FE8-D40B5642C7B4}"
EndProject
Project("{8BC9CEB8-8B4A-11D0-8D11-00A0C91BC942}") = "OpenGLTutorial", "OpenGLTutorial\OpenGLTutorial.vcxproj", "{F16551F4-26EE-406D-A83C-6A36F2933818}"
EndProject
Project("{2150E333-8FDC-42A3-9474-1A3956D46DE8}") = "web", "web", "{5C9C533C-330A-4B2F-9E48-AC2D4C517EFB}"
EndProject
Project("{FAE04EC0-301F-11D3-BF4B-00C04F79EFBC}") = "TrySomeShit", "TrySomeShit\TrySomeShit.csproj", "{49CDFC77-05EE-49BE-BE05-D8D4AC6CB56C}"
EndProject
Project("{9A19103F-16F7-4668-BE54-9A1E7A4F7556}") = "CardGame", "CardGame\CardGame.csproj", "{B94E4A80-1E98-4136-9BF3-FAB8917DF9BA}"
EndProject
Project("{2150E333-8FDC-42A3-9474-1A3956D46DE8}") = "WCF", "WCF", "{5DC9D107-96FE-4716-9C1B-35E843BEB2D5}"
EndProject
Project("{FAE04EC0-301F-11D3-BF4B-00C04F79EFBC}") = "BlackjackServerLibrary", "BlackjackServerLibrary\BlackjackServerLibrary.csproj", "{BD40890E-A4A7-42A0-8CBA-8DCC0BBA5529}"
EndProject
Global
	GlobalSection(SolutionConfigurationPlatforms) = preSolution
		Debug|Any CPU = Debug|Any CPU
		Debug|x64 = Debug|x64
		Debug|x86 = Debug|x86
		Release|Any CPU = Release|Any CPU
		Release|x64 = Release|x64
		Release|x86 = Release|x86
	EndGlobalSection
	GlobalSection(ProjectConfigurationPlatforms) = postSolution
		{F16551F4-26EE-406D-A83C-6A36F2933818}.Debug|Any CPU.ActiveCfg = Debug|Win32
		{F16551F4-26EE-406D-A83C-6A36F2933818}.Debug|x64.ActiveCfg = Debug|x64
		{F16551F4-26EE-406D-A83C-6A36F2933818}.Debug|x64.Build.0 = Debug|x64
		{F16551F4-26EE-406D-A83C-6A36F2933818}.Debug|x86.ActiveCfg = Debug|Win32
		{F16551F4-26EE-406D-A83C-6A36F2933818}.Debug|x86.Build.0 = Debug|Win32
		{F16551F4-26EE-406D-A83C-6A36F2933818}.Release|Any CPU.ActiveCfg = Release|Win32
		{F16551F4-26EE-406D-A83C-6A36F2933818}.Release|x64.ActiveCfg = Release|x64
		{F16551F4-26EE-406D-A83C-6A36F2933818}.Release|x64.Build.0 = Release|x64
		{F16551F4-26EE-406D-A83C-6A36F2933818}.Release|x86.ActiveCfg = Release|Win32
		{F16551F4-26EE-406D-A83C-6A36F2933818}.Release|x86.Build.0 = Release|Win32
		{49CDFC77-05EE-49BE-BE05-D8D4AC6CB56C}.Debug|Any CPU.ActiveCfg = Debug|Any CPU
		{49CDFC77-05EE-49BE-BE05-D8D4AC6CB56C}.Debug|Any CPU.Build.0 = Debug|Any CPU
		{49CDFC77-05EE-49BE-BE05-D8D4AC6CB56C}.Debug|x64.ActiveCfg = Debug|Any CPU
		{49CDFC77-05EE-49BE-BE05-D8D4AC6CB56C}.Debug|x64.Build.0 = Debug|Any CPU
		{49CDFC77-05EE-49BE-BE05-D8D4AC6CB56C}.Debug|x86.ActiveCfg = Debug|Any CPU
		{49CDFC77-05EE-49BE-BE05-D8D4AC6CB56C}.Debug|x86.Build.0 = Debug|Any CPU
		{49CDFC77-05EE-49BE-BE05-D8D4AC6CB56C}.Release|Any CPU.ActiveCfg = Release|Any CPU
		{49CDFC77-05EE-49BE-BE05-D8D4AC6CB56C}.Release|Any CPU.Build.0 = Release|Any CPU
		{49CDFC77-05EE-49BE-BE05-D8D4AC6CB56C}.Release|x64.ActiveCfg = Release|Any CPU
		{49CDFC77-05EE-49BE-BE05-D8D4AC6CB56C}.Release|x64.Build.0 = Release|Any CPU
		{49CDFC77-05EE-49BE-BE05-D8D4AC6CB56C}.Release|x86.ActiveCfg = Release|Any CPU
		{49CDFC77-05EE-49BE-BE05-D8D4AC6CB56C}.Release|x86.Build.0 = Release|Any CPU
		{B94E4A80-1E98-4136-9BF3-FAB8917DF9BA}.Debug|Any CPU.ActiveCfg = Debug|Any CPU
		{B94E4A80-1E98-4136-9BF3-FAB8917DF9BA}.Debug|Any CPU.Build.0 = Debug|Any CPU
		{B94E4A80-1E98-4136-9BF3-FAB8917DF9BA}.Debug|x64.ActiveCfg = Debug|Any CPU
		{B94E4A80-1E98-4136-9BF3-FAB8917DF9BA}.Debug|x64.Build.0 = Debug|Any CPU
		{B94E4A80-1E98-4136-9BF3-FAB8917DF9BA}.Debug|x86.ActiveCfg = Debug|Any CPU
		{B94E4A80-1E98-4136-9BF3-FAB8917DF9BA}.Debug|x86.Build.0 = Debug|Any CPU
		{B94E4A80-1E98-4136-9BF3-FAB8917DF9BA}.Release|Any CPU.ActiveCfg = Release|Any CPU
		{B94E4A80-1E98-4136-9BF3-FAB8917DF9BA}.Release|Any CPU.Build.0 = Release|Any CPU
		{B94E4A80-1E98-4136-9BF3-FAB8917DF9BA}.Release|x64.ActiveCfg = Release|Any CPU
		{B94E4A80-1E98-4136-9BF3-FAB8917DF9BA}.Release|x64.Build.0 = Release|Any CPU
		{B94E4A80-1E98-4136-9BF3-FAB8917DF9BA}.Release|x86.ActiveCfg = Release|Any CPU
		{B94E4A80-1E98-4136-9BF3-FAB8917DF9BA}.Release|x86.Build.0 = Release|Any CPU
		{BD40890E-A4A7-42A0-8CBA-8DCC0BBA5529}.Debug|Any CPU.ActiveCfg = Debug|Any CPU
		{BD40890E-A4A7-42A0-8CBA-8DCC0BBA5529}.Debug|Any CPU.Build.0 = Debug|Any CPU
		{BD40890E-A4A7-42A0-8CBA-8DCC0BBA5529}.Debug|x64.ActiveCfg = Debug|Any CPU
		{BD40890E-A4A7-42A0-8CBA-8DCC0BBA5529}.Debug|x64.Build.0 = Debug|Any CPU
		{BD40890E-A4A7-42A0-8CBA-8DCC0BBA5529}.Debug|x86.ActiveCfg = Debug|Any CPU
		{BD40890E-A4A7-42A0-8CBA-8DCC0BBA5529}.Debug|x86.Build.0 = Debug|Any CPU
		{BD40890E-A4A7-42A0-8CBA-8DCC0BBA5529}.Release|Any CPU.ActiveCfg = Release|Any CPU
		{BD40890E-A4A7-42A0-8CBA-8DCC0BBA5529}.Release|Any CPU.Build.0 = Release|Any CPU
		{BD40890E-A4A7-42A0-8CBA-8DCC0BBA5529}.Release|x64.ActiveCfg = Release|Any CPU
		{BD40890E-A4A7-42A0-8CBA-8DCC0BBA5529}.Release|x64.Build.0 = Release|Any CPU
		{BD40890E-A4A7-42A0-8CBA-8DCC0BBA5529}.Release|x86.ActiveCfg = Release|Any CPU
		{BD40890E-A4A7-42A0-8CBA-8DCC0BBA5529}.Release|x86.Build.0 = Release|Any CPU
	EndGlobalSection
	GlobalSection(SolutionProperties) = preSolution
		HideSolutionNode = FALSE
	EndGlobalSection
	GlobalSection(NestedProjects) = preSolution
		{91CA8B7E-980E-46CB-8FE8-D40B5642C7B4} = {FB1BDEC9-9C10-4ED0-9972-BD777ED503BE}
		{F16551F4-26EE-406D-A83C-6A36F2933818} = {91CA8B7E-980E-46CB-8FE8-D40B5642C7B4}
		{B94E4A80-1E98-4136-9BF3-FAB8917DF9BA} = {5C9C533C-330A-4B2F-9E48-AC2D4C517EFB}
		{BD40890E-A4A7-42A0-8CBA-8DCC0BBA5529} = {5DC9D107-96FE-4716-9C1B-35E843BEB2D5}
	EndGlobalSection
	GlobalSection(ExtensibilityGlobals) = postSolution
		SolutionGuid = {313B71E7-AEE8-4A85-A239-F356B433849C}
	EndGlobalSection
EndGlobal
